
Microsoft Visual Studio Solution File, Format Version 12.00
# Visual Studio 15
VisualStudioVersion = 15.0.27004.2002
MinimumVisualStudioVersion = 10.0.40219.1
Project("{FAE04EC0-301F-11D3-BF4B-00C04F79EFBC}") = "ParkingAppClient.Android", "ParkingAppClient\ParkingAppClient.Android\ParkingAppClient.Android.csproj", "{430252F2-DD1A-4F39-B766-E8694C1A7ACB}"
EndProject
Project("{FAE04EC0-301F-11D3-BF4B-00C04F79EFBC}") = "ParkingAppClient", "ParkingAppClient\ParkingAppClient\ParkingAppClient.csproj", "{F626003A-CED4-40C1-98B3-2769530F30E0}"
EndProject
Project("{FAE04EC0-301F-11D3-BF4B-00C04F79EFBC}") = "ParkingAppClient.UWP", "ParkingAppClient\ParkingAppClient.UWP\ParkingAppClient.UWP.csproj", "{6BD06997-56C5-41EE-AEB3-6B42CD333DD4}"
EndProject
Project("{FAE04EC0-301F-11D3-BF4B-00C04F79EFBC}") = "ParkingAppClient.iOS", "ParkingAppClient\ParkingAppClient.iOS\ParkingAppClient.iOS.csproj", "{94F8A9BA-D48B-4BF1-97E7-A9D913366D05}"
EndProject
Global
	GlobalSection(SolutionConfigurationPlatforms) = preSolution
		Ad-Hoc|Any CPU = Ad-Hoc|Any CPU
		Ad-Hoc|ARM = Ad-Hoc|ARM
		Ad-Hoc|iPhone = Ad-Hoc|iPhone
		Ad-Hoc|iPhoneSimulator = Ad-Hoc|iPhoneSimulator
		Ad-Hoc|x64 = Ad-Hoc|x64
		Ad-Hoc|x86 = Ad-Hoc|x86
		AppStore|Any CPU = AppStore|Any CPU
		AppStore|ARM = AppStore|ARM
		AppStore|iPhone = AppStore|iPhone
		AppStore|iPhoneSimulator = AppStore|iPhoneSimulator
		AppStore|x64 = AppStore|x64
		AppStore|x86 = AppStore|x86
		Debug|Any CPU = Debug|Any CPU
		Debug|ARM = Debug|ARM
		Debug|iPhone = Debug|iPhone
		Debug|iPhoneSimulator = Debug|iPhoneSimulator
		Debug|x64 = Debug|x64
		Debug|x86 = Debug|x86
		Release|Any CPU = Release|Any CPU
		Release|ARM = Release|ARM
		Release|iPhone = Release|iPhone
		Release|iPhoneSimulator = Release|iPhoneSimulator
		Release|x64 = Release|x64
		Release|x86 = Release|x86
	EndGlobalSection
	GlobalSection(ProjectConfigurationPlatforms) = postSolution
		{430252F2-DD1A-4F39-B766-E8694C1A7ACB}.Ad-Hoc|Any CPU.ActiveCfg = Release|Any CPU
		{430252F2-DD1A-4F39-B766-E8694C1A7ACB}.Ad-Hoc|Any CPU.Build.0 = Release|Any CPU
		{430252F2-DD1A-4F39-B766-E8694C1A7ACB}.Ad-Hoc|Any CPU.Deploy.0 = Release|Any CPU
		{430252F2-DD1A-4F39-B766-E8694C1A7ACB}.Ad-Hoc|ARM.ActiveCfg = Release|Any CPU
		{430252F2-DD1A-4F39-B766-E8694C1A7ACB}.Ad-Hoc|ARM.Build.0 = Release|Any CPU
		{430252F2-DD1A-4F39-B766-E8694C1A7ACB}.Ad-Hoc|ARM.Deploy.0 = Release|Any CPU
		{430252F2-DD1A-4F39-B766-E8694C1A7ACB}.Ad-Hoc|iPhone.ActiveCfg = Release|Any CPU
		{430252F2-DD1A-4F39-B766-E8694C1A7ACB}.Ad-Hoc|iPhone.Build.0 = Release|Any CPU
		{430252F2-DD1A-4F39-B766-E8694C1A7ACB}.Ad-Hoc|iPhone.Deploy.0 = Release|Any CPU
		{430252F2-DD1A-4F39-B766-E8694C1A7ACB}.Ad-Hoc|iPhoneSimulator.ActiveCfg = Release|Any CPU
		{430252F2-DD1A-4F39-B766-E8694C1A7ACB}.Ad-Hoc|iPhoneSimulator.Build.0 = Release|Any CPU
		{430252F2-DD1A-4F39-B766-E8694C1A7ACB}.Ad-Hoc|iPhoneSimulator.Deploy.0 = Release|Any CPU
		{430252F2-DD1A-4F39-B766-E8694C1A7ACB}.Ad-Hoc|x64.ActiveCfg = Release|Any CPU
		{430252F2-DD1A-4F39-B766-E8694C1A7ACB}.Ad-Hoc|x64.Build.0 = Release|Any CPU
		{430252F2-DD1A-4F39-B766-E8694C1A7ACB}.Ad-Hoc|x64.Deploy.0 = Release|Any CPU
		{430252F2-DD1A-4F39-B766-E8694C1A7ACB}.Ad-Hoc|x86.ActiveCfg = Release|Any CPU
		{430252F2-DD1A-4F39-B766-E8694C1A7ACB}.Ad-Hoc|x86.Build.0 = Release|Any CPU
		{430252F2-DD1A-4F39-B766-E8694C1A7ACB}.Ad-Hoc|x86.Deploy.0 = Release|Any CPU
		{430252F2-DD1A-4F39-B766-E8694C1A7ACB}.AppStore|Any CPU.ActiveCfg = Release|Any CPU
		{430252F2-DD1A-4F39-B766-E8694C1A7ACB}.AppStore|Any CPU.Build.0 = Release|Any CPU
		{430252F2-DD1A-4F39-B766-E8694C1A7ACB}.AppStore|Any CPU.Deploy.0 = Release|Any CPU
		{430252F2-DD1A-4F39-B766-E8694C1A7ACB}.AppStore|ARM.ActiveCfg = Release|Any CPU
		{430252F2-DD1A-4F39-B766-E8694C1A7ACB}.AppStore|ARM.Build.0 = Release|Any CPU
		{430252F2-DD1A-4F39-B766-E8694C1A7ACB}.AppStore|ARM.Deploy.0 = Release|Any CPU
		{430252F2-DD1A-4F39-B766-E8694C1A7ACB}.AppStore|iPhone.ActiveCfg = Release|Any CPU
		{430252F2-DD1A-4F39-B766-E8694C1A7ACB}.AppStore|iPhone.Build.0 = Release|Any CPU
		{430252F2-DD1A-4F39-B766-E8694C1A7ACB}.AppStore|iPhone.Deploy.0 = Release|Any CPU
		{430252F2-DD1A-4F39-B766-E8694C1A7ACB}.AppStore|iPhoneSimulator.ActiveCfg = Release|Any CPU
		{430252F2-DD1A-4F39-B766-E8694C1A7ACB}.AppStore|iPhoneSimulator.Build.0 = Release|Any CPU
		{430252F2-DD1A-4F39-B766-E8694C1A7ACB}.AppStore|iPhoneSimulator.Deploy.0 = Release|Any CPU
		{430252F2-DD1A-4F39-B766-E8694C1A7ACB}.AppStore|x64.ActiveCfg = Release|Any CPU
		{430252F2-DD1A-4F39-B766-E8694C1A7ACB}.AppStore|x64.Build.0 = Release|Any CPU
		{430252F2-DD1A-4F39-B766-E8694C1A7ACB}.AppStore|x64.Deploy.0 = Release|Any CPU
		{430252F2-DD1A-4F39-B766-E8694C1A7ACB}.AppStore|x86.ActiveCfg = Release|Any CPU
		{430252F2-DD1A-4F39-B766-E8694C1A7ACB}.AppStore|x86.Build.0 = Release|Any CPU
		{430252F2-DD1A-4F39-B766-E8694C1A7ACB}.AppStore|x86.Deploy.0 = Release|Any CPU
		{430252F2-DD1A-4F39-B766-E8694C1A7ACB}.Debug|Any CPU.ActiveCfg = Debug|Any CPU
		{430252F2-DD1A-4F39-B766-E8694C1A7ACB}.Debug|Any CPU.Build.0 = Debug|Any CPU
		{430252F2-DD1A-4F39-B766-E8694C1A7ACB}.Debug|Any CPU.Deploy.0 = Debug|Any CPU
		{430252F2-DD1A-4F39-B766-E8694C1A7ACB}.Debug|ARM.ActiveCfg = Debug|Any CPU
		{430252F2-DD1A-4F39-B766-E8694C1A7ACB}.Debug|ARM.Build.0 = Debug|Any CPU
		{430252F2-DD1A-4F39-B766-E8694C1A7ACB}.Debug|ARM.Deploy.0 = Debug|Any CPU
		{430252F2-DD1A-4F39-B766-E8694C1A7ACB}.Debug|iPhone.ActiveCfg = Debug|Any CPU
		{430252F2-DD1A-4F39-B766-E8694C1A7ACB}.Debug|iPhone.Build.0 = Debug|Any CPU
		{430252F2-DD1A-4F39-B766-E8694C1A7ACB}.Debug|iPhone.Deploy.0 = Debug|Any CPU
		{430252F2-DD1A-4F39-B766-E8694C1A7ACB}.Debug|iPhoneSimulator.ActiveCfg = Debug|Any CPU
		{430252F2-DD1A-4F39-B766-E8694C1A7ACB}.Debug|iPhoneSimulator.Build.0 = Debug|Any CPU
		{430252F2-DD1A-4F39-B766-E8694C1A7ACB}.Debug|iPhoneSimulator.Deploy.0 = Debug|Any CPU
		{430252F2-DD1A-4F39-B766-E8694C1A7ACB}.Debug|x64.ActiveCfg = Debug|Any CPU
		{430252F2-DD1A-4F39-B766-E8694C1A7ACB}.Debug|x64.Build.0 = Debug|Any CPU
		{430252F2-DD1A-4F39-B766-E8694C1A7ACB}.Debug|x64.Deploy.0 = Debug|Any CPU
		{430252F2-DD1A-4F39-B766-E8694C1A7ACB}.Debug|x86.ActiveCfg = Debug|Any CPU
		{430252F2-DD1A-4F39-B766-E8694C1A7ACB}.Debug|x86.Build.0 = Debug|Any CPU
		{430252F2-DD1A-4F39-B766-E8694C1A7ACB}.Debug|x86.Deploy.0 = Debug|Any CPU
		{430252F2-DD1A-4F39-B766-E8694C1A7ACB}.Release|Any CPU.ActiveCfg = Release|Any CPU
		{430252F2-DD1A-4F39-B766-E8694C1A7ACB}.Release|Any CPU.Build.0 = Release|Any CPU
		{430252F2-DD1A-4F39-B766-E8694C1A7ACB}.Release|Any CPU.Deploy.0 = Release|Any CPU
		{430252F2-DD1A-4F39-B766-E8694C1A7ACB}.Release|ARM.ActiveCfg = Release|Any CPU
		{430252F2-DD1A-4F39-B766-E8694C1A7ACB}.Release|ARM.Build.0 = Release|Any CPU
		{430252F2-DD1A-4F39-B766-E8694C1A7ACB}.Release|ARM.Deploy.0 = Release|Any CPU
		{430252F2-DD1A-4F39-B766-E8694C1A7ACB}.Release|iPhone.ActiveCfg = Release|Any CPU
		{430252F2-DD1A-4F39-B766-E8694C1A7ACB}.Release|iPhone.Build.0 = Release|Any CPU
		{430252F2-DD1A-4F39-B766-E8694C1A7ACB}.Release|iPhone.Deploy.0 = Release|Any CPU
		{430252F2-DD1A-4F39-B766-E8694C1A7ACB}.Release|iPhoneSimulator.ActiveCfg = Release|Any CPU
		{430252F2-DD1A-4F39-B766-E8694C1A7ACB}.Release|iPhoneSimulator.Build.0 = Release|Any CPU
		{430252F2-DD1A-4F39-B766-E8694C1A7ACB}.Release|iPhoneSimulator.Deploy.0 = Release|Any CPU
		{430252F2-DD1A-4F39-B766-E8694C1A7ACB}.Release|x64.ActiveCfg = Release|Any CPU
		{430252F2-DD1A-4F39-B766-E8694C1A7ACB}.Release|x64.Build.0 = Release|Any CPU
		{430252F2-DD1A-4F39-B766-E8694C1A7ACB}.Release|x64.Deploy.0 = Release|Any CPU
		{430252F2-DD1A-4F39-B766-E8694C1A7ACB}.Release|x86.ActiveCfg = Release|Any CPU
		{430252F2-DD1A-4F39-B766-E8694C1A7ACB}.Release|x86.Build.0 = Release|Any CPU
		{430252F2-DD1A-4F39-B766-E8694C1A7ACB}.Release|x86.Deploy.0 = Release|Any CPU
		{F626003A-CED4-40C1-98B3-2769530F30E0}.Ad-Hoc|Any CPU.ActiveCfg = Release|Any CPU
		{F626003A-CED4-40C1-98B3-2769530F30E0}.Ad-Hoc|Any CPU.Build.0 = Release|Any CPU
		{F626003A-CED4-40C1-98B3-2769530F30E0}.Ad-Hoc|ARM.ActiveCfg = Release|Any CPU
		{F626003A-CED4-40C1-98B3-2769530F30E0}.Ad-Hoc|ARM.Build.0 = Release|Any CPU
		{F626003A-CED4-40C1-98B3-2769530F30E0}.Ad-Hoc|iPhone.ActiveCfg = Release|Any CPU
		{F626003A-CED4-40C1-98B3-2769530F30E0}.Ad-Hoc|iPhone.Build.0 = Release|Any CPU
		{F626003A-CED4-40C1-98B3-2769530F30E0}.Ad-Hoc|iPhoneSimulator.ActiveCfg = Release|Any CPU
		{F626003A-CED4-40C1-98B3-2769530F30E0}.Ad-Hoc|iPhoneSimulator.Build.0 = Release|Any CPU
		{F626003A-CED4-40C1-98B3-2769530F30E0}.Ad-Hoc|x64.ActiveCfg = Release|Any CPU
		{F626003A-CED4-40C1-98B3-2769530F30E0}.Ad-Hoc|x64.Build.0 = Release|Any CPU
		{F626003A-CED4-40C1-98B3-2769530F30E0}.Ad-Hoc|x86.ActiveCfg = Release|Any CPU
		{F626003A-CED4-40C1-98B3-2769530F30E0}.Ad-Hoc|x86.Build.0 = Release|Any CPU
		{F626003A-CED4-40C1-98B3-2769530F30E0}.AppStore|Any CPU.ActiveCfg = Release|Any CPU
		{F626003A-CED4-40C1-98B3-2769530F30E0}.AppStore|Any CPU.Build.0 = Release|Any CPU
		{F626003A-CED4-40C1-98B3-2769530F30E0}.AppStore|ARM.ActiveCfg = Release|Any CPU
		{F626003A-CED4-40C1-98B3-2769530F30E0}.AppStore|ARM.Build.0 = Release|Any CPU
		{F626003A-CED4-40C1-98B3-2769530F30E0}.AppStore|iPhone.ActiveCfg = Release|Any CPU
		{F626003A-CED4-40C1-98B3-2769530F30E0}.AppStore|iPhone.Build.0 = Release|Any CPU
		{F626003A-CED4-40C1-98B3-2769530F30E0}.AppStore|iPhoneSimulator.ActiveCfg = Release|Any CPU
		{F626003A-CED4-40C1-98B3-2769530F30E0}.AppStore|iPhoneSimulator.Build.0 = Release|Any CPU
		{F626003A-CED4-40C1-98B3-2769530F30E0}.AppStore|x64.ActiveCfg = Release|Any CPU
		{F626003A-CED4-40C1-98B3-2769530F30E0}.AppStore|x64.Build.0 = Release|Any CPU
		{F626003A-CED4-40C1-98B3-2769530F30E0}.AppStore|x86.ActiveCfg = Release|Any CPU
		{F626003A-CED4-40C1-98B3-2769530F30E0}.AppStore|x86.Build.0 = Release|Any CPU
		{F626003A-CED4-40C1-98B3-2769530F30E0}.Debug|Any CPU.ActiveCfg = Debug|Any CPU
		{F626003A-CED4-40C1-98B3-2769530F30E0}.Debug|Any CPU.Build.0 = Debug|Any CPU
		{F626003A-CED4-40C1-98B3-2769530F30E0}.Debug|ARM.ActiveCfg = Debug|Any CPU
		{F626003A-CED4-40C1-98B3-2769530F30E0}.Debug|ARM.Build.0 = Debug|Any CPU
		{F626003A-CED4-40C1-98B3-2769530F30E0}.Debug|iPhone.ActiveCfg = Debug|Any CPU
		{F626003A-CED4-40C1-98B3-2769530F30E0}.Debug|iPhone.Build.0 = Debug|Any CPU
		{F626003A-CED4-40C1-98B3-2769530F30E0}.Debug|iPhoneSimulator.ActiveCfg = Debug|Any CPU
		{F626003A-CED4-40C1-98B3-2769530F30E0}.Debug|iPhoneSimulator.Build.0 = Debug|Any CPU
		{F626003A-CED4-40C1-98B3-2769530F30E0}.Debug|x64.ActiveCfg = Debug|Any CPU
		{F626003A-CED4-40C1-98B3-2769530F30E0}.Debug|x64.Build.0 = Debug|Any CPU
		{F626003A-CED4-40C1-98B3-2769530F30E0}.Debug|x86.ActiveCfg = Debug|Any CPU
		{F626003A-CED4-40C1-98B3-2769530F30E0}.Debug|x86.Build.0 = Debug|Any CPU
		{F626003A-CED4-40C1-98B3-2769530F30E0}.Release|Any CPU.ActiveCfg = Release|Any CPU
		{F626003A-CED4-40C1-98B3-2769530F30E0}.Release|Any CPU.Build.0 = Release|Any CPU
		{F626003A-CED4-40C1-98B3-2769530F30E0}.Release|ARM.ActiveCfg = Release|Any CPU
		{F626003A-CED4-40C1-98B3-2769530F30E0}.Release|ARM.Build.0 = Release|Any CPU
		{F626003A-CED4-40C1-98B3-2769530F30E0}.Release|iPhone.ActiveCfg = Release|Any CPU
		{F626003A-CED4-40C1-98B3-2769530F30E0}.Release|iPhone.Build.0 = Release|Any CPU
		{F626003A-CED4-40C1-98B3-2769530F30E0}.Release|iPhoneSimulator.ActiveCfg = Release|Any CPU
		{F626003A-CED4-40C1-98B3-2769530F30E0}.Release|iPhoneSimulator.Build.0 = Release|Any CPU
		{F626003A-CED4-40C1-98B3-2769530F30E0}.Release|x64.ActiveCfg = Release|Any CPU
		{F626003A-CED4-40C1-98B3-2769530F30E0}.Release|x64.Build.0 = Release|Any CPU
		{F626003A-CED4-40C1-98B3-2769530F30E0}.Release|x86.ActiveCfg = Release|Any CPU
		{F626003A-CED4-40C1-98B3-2769530F30E0}.Release|x86.Build.0 = Release|Any CPU
		{6BD06997-56C5-41EE-AEB3-6B42CD333DD4}.Ad-Hoc|Any CPU.ActiveCfg = Release|x86
		{6BD06997-56C5-41EE-AEB3-6B42CD333DD4}.Ad-Hoc|Any CPU.Build.0 = Release|x86
		{6BD06997-56C5-41EE-AEB3-6B42CD333DD4}.Ad-Hoc|Any CPU.Deploy.0 = Release|x86
		{6BD06997-56C5-41EE-AEB3-6B42CD333DD4}.Ad-Hoc|ARM.ActiveCfg = Release|ARM
		{6BD06997-56C5-41EE-AEB3-6B42CD333DD4}.Ad-Hoc|ARM.Build.0 = Release|ARM
		{6BD06997-56C5-41EE-AEB3-6B42CD333DD4}.Ad-Hoc|ARM.Deploy.0 = Release|ARM
		{6BD06997-56C5-41EE-AEB3-6B42CD333DD4}.Ad-Hoc|iPhone.ActiveCfg = Release|x86
		{6BD06997-56C5-41EE-AEB3-6B42CD333DD4}.Ad-Hoc|iPhone.Build.0 = Release|x86
		{6BD06997-56C5-41EE-AEB3-6B42CD333DD4}.Ad-Hoc|iPhone.Deploy.0 = Release|x86
		{6BD06997-56C5-41EE-AEB3-6B42CD333DD4}.Ad-Hoc|iPhoneSimulator.ActiveCfg = Release|x86
		{6BD06997-56C5-41EE-AEB3-6B42CD333DD4}.Ad-Hoc|iPhoneSimulator.Build.0 = Release|x86
		{6BD06997-56C5-41EE-AEB3-6B42CD333DD4}.Ad-Hoc|iPhoneSimulator.Deploy.0 = Release|x86
		{6BD06997-56C5-41EE-AEB3-6B42CD333DD4}.Ad-Hoc|x64.ActiveCfg = Release|x64
		{6BD06997-56C5-41EE-AEB3-6B42CD333DD4}.Ad-Hoc|x64.Build.0 = Release|x64
		{6BD06997-56C5-41EE-AEB3-6B42CD333DD4}.Ad-Hoc|x64.Deploy.0 = Release|x64
		{6BD06997-56C5-41EE-AEB3-6B42CD333DD4}.Ad-Hoc|x86.ActiveCfg = Release|x86
		{6BD06997-56C5-41EE-AEB3-6B42CD333DD4}.Ad-Hoc|x86.Build.0 = Release|x86
		{6BD06997-56C5-41EE-AEB3-6B42CD333DD4}.Ad-Hoc|x86.Deploy.0 = Release|x86
		{6BD06997-56C5-41EE-AEB3-6B42CD333DD4}.AppStore|Any CPU.ActiveCfg = Release|x86
		{6BD06997-56C5-41EE-AEB3-6B42CD333DD4}.AppStore|Any CPU.Build.0 = Release|x86
		{6BD06997-56C5-41EE-AEB3-6B42CD333DD4}.AppStore|Any CPU.Deploy.0 = Release|x86
		{6BD06997-56C5-41EE-AEB3-6B42CD333DD4}.AppStore|ARM.ActiveCfg = Release|ARM
		{6BD06997-56C5-41EE-AEB3-6B42CD333DD4}.AppStore|ARM.Build.0 = Release|ARM
		{6BD06997-56C5-41EE-AEB3-6B42CD333DD4}.AppStore|ARM.Deploy.0 = Release|ARM
		{6BD06997-56C5-41EE-AEB3-6B42CD333DD4}.AppStore|iPhone.ActiveCfg = Release|x86
		{6BD06997-56C5-41EE-AEB3-6B42CD333DD4}.AppStore|iPhone.Build.0 = Release|x86
		{6BD06997-56C5-41EE-AEB3-6B42CD333DD4}.AppStore|iPhone.Deploy.0 = Release|x86
		{6BD06997-56C5-41EE-AEB3-6B42CD333DD4}.AppStore|iPhoneSimulator.ActiveCfg = Release|x86
		{6BD06997-56C5-41EE-AEB3-6B42CD333DD4}.AppStore|iPhoneSimulator.Build.0 = Release|x86
		{6BD06997-56C5-41EE-AEB3-6B42CD333DD4}.AppStore|iPhoneSimulator.Deploy.0 = Release|x86
		{6BD06997-56C5-41EE-AEB3-6B42CD333DD4}.AppStore|x64.ActiveCfg = Release|x64
		{6BD06997-56C5-41EE-AEB3-6B42CD333DD4}.AppStore|x64.Build.0 = Release|x64
		{6BD06997-56C5-41EE-AEB3-6B42CD333DD4}.AppStore|x64.Deploy.0 = Release|x64
		{6BD06997-56C5-41EE-AEB3-6B42CD333DD4}.AppStore|x86.ActiveCfg = Release|x86
		{6BD06997-56C5-41EE-AEB3-6B42CD333DD4}.AppStore|x86.Build.0 = Release|x86
		{6BD06997-56C5-41EE-AEB3-6B42CD333DD4}.AppStore|x86.Deploy.0 = Release|x86
		{6BD06997-56C5-41EE-AEB3-6B42CD333DD4}.Debug|Any CPU.ActiveCfg = Debug|x86
		{6BD06997-56C5-41EE-AEB3-6B42CD333DD4}.Debug|ARM.ActiveCfg = Debug|ARM
		{6BD06997-56C5-41EE-AEB3-6B42CD333DD4}.Debug|ARM.Build.0 = Debug|ARM
		{6BD06997-56C5-41EE-AEB3-6B42CD333DD4}.Debug|ARM.Deploy.0 = Debug|ARM
		{6BD06997-56C5-41EE-AEB3-6B42CD333DD4}.Debug|iPhone.ActiveCfg = Debug|x86
		{6BD06997-56C5-41EE-AEB3-6B42CD333DD4}.Debug|iPhoneSimulator.ActiveCfg = Debug|x86
		{6BD06997-56C5-41EE-AEB3-6B42CD333DD4}.Debug|x64.ActiveCfg = Debug|x64
		{6BD06997-56C5-41EE-AEB3-6B42CD333DD4}.Debug|x64.Build.0 = Debug|x64
		{6BD06997-56C5-41EE-AEB3-6B42CD333DD4}.Debug|x64.Deploy.0 = Debug|x64
		{6BD06997-56C5-41EE-AEB3-6B42CD333DD4}.Debug|x86.ActiveCfg = Debug|x86
		{6BD06997-56C5-41EE-AEB3-6B42CD333DD4}.Debug|x86.Build.0 = Debug|x86
		{6BD06997-56C5-41EE-AEB3-6B42CD333DD4}.Debug|x86.Deploy.0 = Debug|x86
		{6BD06997-56C5-41EE-AEB3-6B42CD333DD4}.Release|Any CPU.ActiveCfg = Release|x86
		{6BD06997-56C5-41EE-AEB3-6B42CD333DD4}.Release|ARM.ActiveCfg = Release|ARM
		{6BD06997-56C5-41EE-AEB3-6B42CD333DD4}.Release|ARM.Build.0 = Release|ARM
		{6BD06997-56C5-41EE-AEB3-6B42CD333DD4}.Release|ARM.Deploy.0 = Release|ARM
		{6BD06997-56C5-41EE-AEB3-6B42CD333DD4}.Release|iPhone.ActiveCfg = Release|x86
		{6BD06997-56C5-41EE-AEB3-6B42CD333DD4}.Release|iPhoneSimulator.ActiveCfg = Release|x86
		{6BD06997-56C5-41EE-AEB3-6B42CD333DD4}.Release|x64.ActiveCfg = Release|x64
		{6BD06997-56C5-41EE-AEB3-6B42CD333DD4}.Release|x64.Build.0 = Release|x64
		{6BD06997-56C5-41EE-AEB3-6B42CD333DD4}.Release|x64.Deploy.0 = Release|x64
		{6BD06997-56C5-41EE-AEB3-6B42CD333DD4}.Release|x86.ActiveCfg = Release|x86
		{6BD06997-56C5-41EE-AEB3-6B42CD333DD4}.Release|x86.Build.0 = Release|x86
		{6BD06997-56C5-41EE-AEB3-6B42CD333DD4}.Release|x86.Deploy.0 = Release|x86
		{94F8A9BA-D48B-4BF1-97E7-A9D913366D05}.Ad-Hoc|Any CPU.ActiveCfg = Ad-Hoc|iPhoneSimulator
		{94F8A9BA-D48B-4BF1-97E7-A9D913366D05}.Ad-Hoc|ARM.ActiveCfg = Ad-Hoc|iPhone
		{94F8A9BA-D48B-4BF1-97E7-A9D913366D05}.Ad-Hoc|iPhone.ActiveCfg = Ad-Hoc|iPhone
		{94F8A9BA-D48B-4BF1-97E7-A9D913366D05}.Ad-Hoc|iPhone.Build.0 = Ad-Hoc|iPhone
		{94F8A9BA-D48B-4BF1-97E7-A9D913366D05}.Ad-Hoc|iPhoneSimulator.ActiveCfg = Ad-Hoc|iPhoneSimulator
		{94F8A9BA-D48B-4BF1-97E7-A9D913366D05}.Ad-Hoc|iPhoneSimulator.Build.0 = Ad-Hoc|iPhoneSimulator
		{94F8A9BA-D48B-4BF1-97E7-A9D913366D05}.Ad-Hoc|x64.ActiveCfg = Ad-Hoc|iPhone
		{94F8A9BA-D48B-4BF1-97E7-A9D913366D05}.Ad-Hoc|x86.ActiveCfg = Ad-Hoc|iPhone
		{94F8A9BA-D48B-4BF1-97E7-A9D913366D05}.AppStore|Any CPU.ActiveCfg = AppStore|iPhoneSimulator
		{94F8A9BA-D48B-4BF1-97E7-A9D913366D05}.AppStore|ARM.ActiveCfg = AppStore|iPhone
		{94F8A9BA-D48B-4BF1-97E7-A9D913366D05}.AppStore|iPhone.ActiveCfg = AppStore|iPhone
		{94F8A9BA-D48B-4BF1-97E7-A9D913366D05}.AppStore|iPhone.Build.0 = AppStore|iPhone
		{94F8A9BA-D48B-4BF1-97E7-A9D913366D05}.AppStore|iPhoneSimulator.ActiveCfg = AppStore|iPhoneSimulator
		{94F8A9BA-D48B-4BF1-97E7-A9D913366D05}.AppStore|iPhoneSimulator.Build.0 = AppStore|iPhoneSimulator
		{94F8A9BA-D48B-4BF1-97E7-A9D913366D05}.AppStore|x64.ActiveCfg = AppStore|iPhone
		{94F8A9BA-D48B-4BF1-97E7-A9D913366D05}.AppStore|x86.ActiveCfg = AppStore|iPhone
		{94F8A9BA-D48B-4BF1-97E7-A9D913366D05}.Debug|Any CPU.ActiveCfg = Debug|iPhoneSimulator
		{94F8A9BA-D48B-4BF1-97E7-A9D913366D05}.Debug|ARM.ActiveCfg = Debug|iPhone
		{94F8A9BA-D48B-4BF1-97E7-A9D913366D05}.Debug|iPhone.ActiveCfg = Debug|iPhone
		{94F8A9BA-D48B-4BF1-97E7-A9D913366D05}.Debug|iPhone.Build.0 = Debug|iPhone
		{94F8A9BA-D48B-4BF1-97E7-A9D913366D05}.Debug|iPhoneSimulator.ActiveCfg = Debug|iPhoneSimulator
		{94F8A9BA-D48B-4BF1-97E7-A9D913366D05}.Debug|iPhoneSimulator.Build.0 = Debug|iPhoneSimulator
		{94F8A9BA-D48B-4BF1-97E7-A9D913366D05}.Debug|x64.ActiveCfg = Debug|iPhone
		{94F8A9BA-D48B-4BF1-97E7-A9D913366D05}.Debug|x86.ActiveCfg = Debug|iPhone
		{94F8A9BA-D48B-4BF1-97E7-A9D913366D05}.Release|Any CPU.ActiveCfg = Release|iPhoneSimulator
		{94F8A9BA-D48B-4BF1-97E7-A9D913366D05}.Release|ARM.ActiveCfg = Release|iPhone
		{94F8A9BA-D48B-4BF1-97E7-A9D913366D05}.Release|iPhone.ActiveCfg = Release|iPhone
		{94F8A9BA-D48B-4BF1-97E7-A9D913366D05}.Release|iPhone.Build.0 = Release|iPhone
		{94F8A9BA-D48B-4BF1-97E7-A9D913366D05}.Release|iPhoneSimulator.ActiveCfg = Release|iPhoneSimulator
		{94F8A9BA-D48B-4BF1-97E7-A9D913366D05}.Release|iPhoneSimulator.Build.0 = Release|iPhoneSimulator
		{94F8A9BA-D48B-4BF1-97E7-A9D913366D05}.Release|x64.ActiveCfg = Release|iPhone
		{94F8A9BA-D48B-4BF1-97E7-A9D913366D05}.Release|x86.ActiveCfg = Release|iPhone
	EndGlobalSection
	GlobalSection(SolutionProperties) = preSolution
		HideSolutionNode = FALSE
	EndGlobalSection
	GlobalSection(ExtensibilityGlobals) = postSolution
		SolutionGuid = {9D73BD43-E3B3-4005-A623-17765874CD94}
	EndGlobalSection
EndGlobal
